// !$*UTF8*$!
{
	archiveVersion = 1;
	classes = {
	};
	objectVersion = 46;
	objects = {

/* Begin PBXBuildFile section */
		18E413B61B765E8D006BB72B /* AppDelegate.swift in Sources */ = {isa = PBXBuildFile; fileRef = 18E413B51B765E8D006BB72B /* AppDelegate.swift */; };
		18E413BB1B765E8D006BB72B /* Main.storyboard in Resources */ = {isa = PBXBuildFile; fileRef = 18E413B91B765E8D006BB72B /* Main.storyboard */; };
		18E413BD1B765E8D006BB72B /* Images.xcassets in Resources */ = {isa = PBXBuildFile; fileRef = 18E413BC1B765E8D006BB72B /* Images.xcassets */; };
		18E413C01B765E8D006BB72B /* LaunchScreen.xib in Resources */ = {isa = PBXBuildFile; fileRef = 18E413BE1B765E8D006BB72B /* LaunchScreen.xib */; };
		18E413CC1B765E8D006BB72B /* GCD1Tests.swift in Sources */ = {isa = PBXBuildFile; fileRef = 18E413CB1B765E8D006BB72B /* GCD1Tests.swift */; };
		18E413D61B77C8F5006BB72B /* AsyncViewController.swift in Sources */ = {isa = PBXBuildFile; fileRef = 18E413D51B77C8F5006BB72B /* AsyncViewController.swift */; };
		18E413D81B77C909006BB72B /* SyncViewController.swift in Sources */ = {isa = PBXBuildFile; fileRef = 18E413D71B77C909006BB72B /* SyncViewController.swift */; };
/* End PBXBuildFile section */

/* Begin PBXContainerItemProxy section */
		18E413C61B765E8D006BB72B /* PBXContainerItemProxy */ = {
			isa = PBXContainerItemProxy;
			containerPortal = 18E413A81B765E8D006BB72B /* Project object */;
			proxyType = 1;
			remoteGlobalIDString = 18E413AF1B765E8D006BB72B;
			remoteInfo = GCD1;
		};
/* End PBXContainerItemProxy section */

/* Begin PBXFileReference section */
		18E413B01B765E8D006BB72B /* GCD1.app */ = {isa = PBXFileReference; explicitFileType = wrapper.application; includeInIndex = 0; path = GCD1.app; sourceTree = BUILT_PRODUCTS_DIR; };
		18E413B41B765E8D006BB72B /* Info.plist */ = {isa = PBXFileReference; lastKnownFileType = text.plist.xml; path = Info.plist; sourceTree = "<group>"; };
		18E413B51B765E8D006BB72B /* AppDelegate.swift */ = {isa = PBXFileReference; lastKnownFileType = sourcecode.swift; path = AppDelegate.swift; sourceTree = "<group>"; };
		18E413BA1B765E8D006BB72B /* Base */ = {isa = PBXFileReference; lastKnownFileType = file.storyboard; name = Base; path = Base.lproj/Main.storyboard; sourceTree = "<group>"; };
		18E413BC1B765E8D006BB72B /* Images.xcassets */ = {isa = PBXFileReference; lastKnownFileType = folder.assetcatalog; path = Images.xcassets; sourceTree = "<group>"; };
		18E413BF1B765E8D006BB72B /* Base */ = {isa = PBXFileReference; lastKnownFileType = file.xib; name = Base; path = Base.lproj/LaunchScreen.xib; sourceTree = "<group>"; };
		18E413C51B765E8D006BB72B /* GCD1Tests.xctest */ = {isa = PBXFileReference; explicitFileType = wrapper.cfbundle; includeInIndex = 0; path = GCD1Tests.xctest; sourceTree = BUILT_PRODUCTS_DIR; };
		18E413CA1B765E8D006BB72B /* Info.plist */ = {isa = PBXFileReference; lastKnownFileType = text.plist.xml; path = Info.plist; sourceTree = "<group>"; };
		18E413CB1B765E8D006BB72B /* GCD1Tests.swift */ = {isa = PBXFileReference; lastKnownFileType = sourcecode.swift; path = GCD1Tests.swift; sourceTree = "<group>"; };
		18E413D51B77C8F5006BB72B /* AsyncViewController.swift */ = {isa = PBXFileReference; fileEncoding = 4; lastKnownFileType = sourcecode.swift; name = AsyncViewController.swift; path = ../AsyncViewController.swift; sourceTree = "<group>"; };
		18E413D71B77C909006BB72B /* SyncViewController.swift */ = {isa = PBXFileReference; fileEncoding = 4; lastKnownFileType = sourcecode.swift; name = SyncViewController.swift; path = ../SyncViewController.swift; sourceTree = "<group>"; };
/* End PBXFileReference section */

/* Begin PBXFrameworksBuildPhase section */
		18E413AD1B765E8D006BB72B /* Frameworks */ = {
			isa = PBXFrameworksBuildPhase;
			buildActionMask = 2147483647;
			files = (
			);
			runOnlyForDeploymentPostprocessing = 0;
		};
		18E413C21B765E8D006BB72B /* Frameworks */ = {
			isa = PBXFrameworksBuildPhase;
			buildActionMask = 2147483647;
			files = (
			);
			runOnlyForDeploymentPostprocessing = 0;
		};
/* End PBXFrameworksBuildPhase section */

/* Begin PBXGroup section */
		18E413A71B765E8D006BB72B = {
			isa = PBXGroup;
			children = (
				18E413B21B765E8D006BB72B /* GCD1 */,
				18E413C81B765E8D006BB72B /* GCD1Tests */,
				18E413B11B765E8D006BB72B /* Products */,
			);
			sourceTree = "<group>";
		};
		18E413B11B765E8D006BB72B /* Products */ = {
			isa = PBXGroup;
			children = (
				18E413B01B765E8D006BB72B /* GCD1.app */,
				18E413C51B765E8D006BB72B /* GCD1Tests.xctest */,
			);
			name = Products;
			sourceTree = "<group>";
		};
		18E413B21B765E8D006BB72B /* GCD1 */ = {
			isa = PBXGroup;
			children = (
				18E413D71B77C909006BB72B /* SyncViewController.swift */,
				18E413D51B77C8F5006BB72B /* AsyncViewController.swift */,
				18E413B51B765E8D006BB72B /* AppDelegate.swift */,
				18E413B91B765E8D006BB72B /* Main.storyboard */,
				18E413BC1B765E8D006BB72B /* Images.xcassets */,
				18E413BE1B765E8D006BB72B /* LaunchScreen.xib */,
				18E413B31B765E8D006BB72B /* Supporting Files */,
			);
			path = GCD1;
			sourceTree = "<group>";
		};
		18E413B31B765E8D006BB72B /* Supporting Files */ = {
			isa = PBXGroup;
			children = (
				18E413B41B765E8D006BB72B /* Info.plist */,
			);
			name = "Supporting Files";
			sourceTree = "<group>";
		};
		18E413C81B765E8D006BB72B /* GCD1Tests */ = {
			isa = PBXGroup;
			children = (
				18E413CB1B765E8D006BB72B /* GCD1Tests.swift */,
				18E413C91B765E8D006BB72B /* Supporting Files */,
			);
			path = GCD1Tests;
			sourceTree = "<group>";
		};
		18E413C91B765E8D006BB72B /* Supporting Files */ = {
			isa = PBXGroup;
			children = (
				18E413CA1B765E8D006BB72B /* Info.plist */,
			);
			name = "Supporting Files";
			sourceTree = "<group>";
		};
/* End PBXGroup section */

/* Begin PBXNativeTarget section */
		18E413AF1B765E8D006BB72B /* GCD1 */ = {
			isa = PBXNativeTarget;
			buildConfigurationList = 18E413CF1B765E8D006BB72B /* Build configuration list for PBXNativeTarget "GCD1" */;
			buildPhases = (
				18E413AC1B765E8D006BB72B /* Sources */,
				18E413AD1B765E8D006BB72B /* Frameworks */,
				18E413AE1B765E8D006BB72B /* Resources */,
			);
			buildRules = (
			);
			dependencies = (
			);
			name = GCD1;
			productName = GCD1;
			productReference = 18E413B01B765E8D006BB72B /* GCD1.app */;
			productType = "com.apple.product-type.application";
		};
		18E413C41B765E8D006BB72B /* GCD1Tests */ = {
			isa = PBXNativeTarget;
			buildConfigurationList = 18E413D21B765E8D006BB72B /* Build configuration list for PBXNativeTarget "GCD1Tests" */;
			buildPhases = (
				18E413C11B765E8D006BB72B /* Sources */,
				18E413C21B765E8D006BB72B /* Frameworks */,
				18E413C31B765E8D006BB72B /* Resources */,
			);
			buildRules = (
			);
			dependencies = (
				18E413C71B765E8D006BB72B /* PBXTargetDependency */,
			);
			name = GCD1Tests;
			productName = GCD1Tests;
			productReference = 18E413C51B765E8D006BB72B /* GCD1Tests.xctest */;
			productType = "com.apple.product-type.bundle.unit-test";
		};
/* End PBXNativeTarget section */

/* Begin PBXProject section */
		18E413A81B765E8D006BB72B /* Project object */ = {
			isa = PBXProject;
			attributes = {
				LastUpgradeCheck = 0640;
				ORGANIZATIONNAME = iCumpus;
				TargetAttributes = {
					18E413AF1B765E8D006BB72B = {
						CreatedOnToolsVersion = 6.4;
					};
					18E413C41B765E8D006BB72B = {
						CreatedOnToolsVersion = 6.4;
						TestTargetID = 18E413AF1B765E8D006BB72B;
					};
				};
			};
			buildConfigurationList = 18E413AB1B765E8D006BB72B /* Build configuration list for PBXProject "GCD1" */;
			compatibilityVersion = "Xcode 3.2";
			developmentRegion = English;
			hasScannedForEncodings = 0;
			knownRegions = (
				en,
				Base,
			);
			mainGroup = 18E413A71B765E8D006BB72B;
			productRefGroup = 18E413B11B765E8D006BB72B /* Products */;
			projectDirPath = "";
			projectRoot = "";
			targets = (
				18E413AF1B765E8D006BB72B /* GCD1 */,
				18E413C41B765E8D006BB72B /* GCD1Tests */,
			);
		};
/* End PBXProject section */

/* Begin PBXResourcesBuildPhase section */
		18E413AE1B765E8D006BB72B /* Resources */ = {
			isa = PBXResourcesBuildPhase;
			buildActionMask = 2147483647;
			files = (
				18E413BB1B765E8D006BB72B /* Main.storyboard in Resources */,
				18E413C01B765E8D006BB72B /* LaunchScreen.xib in Resources */,
				18E413BD1B765E8D006BB72B /* Images.xcassets in Resources */,
			);
			runOnlyForDeploymentPostprocessing = 0;
		};
		18E413C31B765E8D006BB72B /* Resources */ = {
			isa = PBXResourcesBuildPhase;
			buildActionMask = 2147483647;
			files = (
			);
			runOnlyForDeploymentPostprocessing = 0;
		};
/* End PBXResourcesBuildPhase section */

/* Begin PBXSourcesBuildPhase section */
		18E413AC1B765E8D006BB72B /* Sources */ = {
			isa = PBXSourcesBuildPhase;
			buildActionMask = 2147483647;
			files = (
				18E413B61B765E8D006BB72B /* AppDelegate.swift in Sources */,
				18E413D61B77C8F5006BB72B /* AsyncViewController.swift in Sources */,
				18E413D81B77C909006BB72B /* SyncViewController.swift in Sources */,
			);
			runOnlyForDeploymentPostprocessing = 0;
		};
		18E413C11B765E8D006BB72B /* Sources */ = {
			isa = PBXSourcesBuildPhase;
			buildActionMask = 2147483647;
			files = (
				18E413CC1B765E8D006BB72B /* GCD1Tests.swift in Sources */,
			);
			runOnlyForDeploymentPostprocessing = 0;
		};
/* End PBXSourcesBuildPhase section */

/* Begin PBXTargetDependency section */
		18E413C71B765E8D006BB72B /* PBXTargetDependency */ = {
			isa = PBXTargetDependency;
			target = 18E413AF1B765E8D006BB72B /* GCD1 */;
			targetProxy = 18E413C61B765E8D006BB72B /* PBXContainerItemProxy */;
		};
/* End PBXTargetDependency section */

/* Begin PBXVariantGroup section */
		18E413B91B765E8D006BB72B /* Main.storyboard */ = {
			isa = PBXVariantGroup;
			children = (
				18E413BA1B765E8D006BB72B /* Base */,
			);
			name = Main.storyboard;
			sourceTree = "<group>";
		};
		18E413BE1B765E8D006BB72B /* LaunchScreen.xib */ = {
			isa = PBXVariantGroup;
			children = (
				18E413BF1B765E8D006BB72B /* Base */,
			);
			name = LaunchScreen.xib;
			sourceTree = "<group>";
		};
/* End PBXVariantGroup section */

/* Begin XCBuildConfiguration section */
		18E413CD1B765E8D006BB72B /* Debug */ = {
			isa = XCBuildConfiguration;
			buildSettings = {
				ALWAYS_SEARCH_USER_PATHS = NO;
				CLANG_CXX_LANGUAGE_STANDARD = "gnu++0x";
				CLANG_CXX_LIBRARY = "libc++";
				CLANG_ENABLE_MODULES = YES;
				CLANG_ENABLE_OBJC_ARC = YES;
				CLANG_WARN_BOOL_CONVERSION = YES;
				CLANG_WARN_CONSTANT_CONVERSION = YES;
				CLANG_WARN_DIRECT_OBJC_ISA_USAGE = YES_ERROR;
				CLANG_WARN_EMPTY_BODY = YES;
				CLANG_WARN_ENUM_CONVERSION = YES;
				CLANG_WARN_INT_CONVERSION = YES;
				CLANG_WARN_OBJC_ROOT_CLASS = YES_ERROR;
				CLANG_WARN_UNREACHABLE_CODE = YES;
				CLANG_WARN__DUPLICATE_METHOD_MATCH = YES;
				"CODE_SIGN_IDENTITY[sdk=iphoneos*]" = "iPhone Developer";
				COPY_PHASE_STRIP = NO;
				DEBUG_INFORMATION_FORMAT = "dwarf-with-dsym";
				ENABLE_STRICT_OBJC_MSGSEND = YES;
				GCC_C_LANGUAGE_STANDARD = gnu99;
				GCC_DYNAMIC_NO_PIC = NO;
				GCC_NO_COMMON_BLOCKS = YES;
				GCC_OPTIMIZATION_LEVEL = 0;
				GCC_PREPROCESSOR_DEFINITIONS = (
					"DEBUG=1",
					"$(inherited)",
				);
				GCC_SYMBOLS_PRIVATE_EXTERN = NO;
				GCC_WARN_64_TO_32_BIT_CONVERSION = YES;
				GCC_WARN_ABOUT_RETURN_TYPE = YES_ERROR;
				GCC_WARN_UNDECLARED_SELECTOR = YES;
				GCC_WARN_UNINITIALIZED_AUTOS = YES_AGGRESSIVE;
				GCC_WARN_UNUSED_FUNCTION = YES;
				GCC_WARN_UNUSED_VARIABLE = YES;
				IPHONEOS_DEPLOYMENT_TARGET = 8.4;
				MTL_ENABLE_DEBUG_INFO = YES;
				ONLY_ACTIVE_ARCH = YES;
				SDKROOT = iphoneos;
				SWIFT_OPTIMIZATION_LEVEL = "-Onone";
				TARGETED_DEVICE_FAMILY = "1,2";
			};
			name = Debug;
		};
		18E413CE1B765E8D006BB72B /* Release */ = {
			isa = XCBuildConfiguration;
			buildSettings = {
				ALWAYS_SEARCH_USER_PATHS = NO;
				CLANG_CXX_LANGUAGE_STANDARD = "gnu++0x";
				CLANG_CXX_LIBRARY = "libc++";
				CLANG_ENABLE_MODULES = YES;
				CLANG_ENABLE_OBJC_ARC = YES;
				CLANG_WARN_BOOL_CONVERSION = YES;
				CLANG_WARN_CONSTANT_CONVERSION = YES;
				CLANG_WARN_DIRECT_OBJC_ISA_USAGE = YES_ERROR;
				CLANG_WARN_EMPTY_BODY = YES;
				CLANG_WARN_ENUM_CONVERSION = YES;
				CLANG_WARN_INT_CONVERSION = YES;
				CLANG_WARN_OBJC_ROOT_CLASS = YES_ERROR;
				CLANG_WARN_UNREACHABLE_CODE = YES;
				CLANG_WARN__DUPLICATE_METHOD_MATCH = YES;
				"CODE_SIGN_IDENTITY[sdk=iphoneos*]" = "iPhone Developer";
				COPY_PHASE_STRIP = NO;
				DEBUG_INFORMATION_FORMAT = "dwarf-with-dsym";
				ENABLE_NS_ASSERTIONS = NO;
				ENABLE_STRICT_OBJC_MSGSEND = YES;
				GCC_C_LANGUAGE_STANDARD = gnu99;
				GCC_NO_COMMON_BLOCKS = YES;
				GCC_WARN_64_TO_32_BIT_CONVERSION = YES;
				GCC_WARN_ABOUT_RETURN_TYPE = YES_ERROR;
				GCC_WARN_UNDECLARED_SELECTOR = YES;
				GCC_WARN_UNINITIALIZED_AUTOS = YES_AGGRESSIVE;
				GCC_WARN_UNUSED_FUNCTION = YES;
				GCC_WARN_UNUSED_VARIABLE = YES;
				IPHONEOS_DEPLOYMENT_TARGET = 8.4;
				MTL_ENABLE_DEBUG_INFO = NO;
				SDKROOT = iphoneos;
				TARGETED_DEVICE_FAMILY = "1,2";
				VALIDATE_PRODUCT = YES;
			};
			name = Release;
		};
		18E413D01B765E8D006BB72B /* Debug */ = {
			isa = XCBuildConfiguration;
			buildSettings = {
				ASSETCATALOG_COMPILER_APPICON_NAME = AppIcon;
				INFOPLIST_FILE = GCD1/Info.plist;
				LD_RUNPATH_SEARCH_PATHS = "$(inherited) @executable_path/Frameworks";
				PRODUCT_NAME = "$(TARGET_NAME)";
			};
			name = Debug;
		};
		18E413D11B765E8D006BB72B /* Release */ = {
			isa = XCBuildConfiguration;
			buildSettings = {
				ASSETCATALOG_COMPILER_APPICON_NAME = AppIcon;
				INFOPLIST_FILE = GCD1/Info.plist;
				LD_RUNPATH_SEARCH_PATHS = "$(inherited) @executable_path/Frameworks";
				PRODUCT_NAME = "$(TARGET_NAME)";
			};
			name = Release;
		};
		18E413D31B765E8D006BB72B /* Debug */ = {
			isa = XCBuildConfiguration;
			buildSettings = {
				BUNDLE_LOADER = "$(TEST_HOST)";
				FRAMEWORK_SEARCH_PATHS = (
					"$(SDKROOT)/Developer/Library/Frameworks",
					"$(inherited)",
				);
				GCC_PREPROCESSOR_DEFINITIONS = (
					"DEBUG=1",
					"$(inherited)",
				);
				INFOPLIST_FILE = GCD1Tests/Info.plist;
				LD_RUNPATH_SEARCH_PATHS = "$(inherited) @executable_path/Frameworks @loader_path/Frameworks";
				PRODUCT_NAME = "$(TARGET_NAME)";
				TEST_HOST = "$(BUILT_PRODUCTS_DIR)/GCD1.app/GCD1";
			};
			name = Debug;
		};
		18E413D41B765E8D006BB72B /* Release */ = {
			isa = XCBuildConfiguration;
			buildSettings = {
				BUNDLE_LOADER = "$(TEST_HOST)";
				FRAMEWORK_SEARCH_PATHS = (
					"$(SDKROOT)/Developer/Library/Frameworks",
					"$(inherited)",
				);
				INFOPLIST_FILE = GCD1Tests/Info.plist;
				LD_RUNPATH_SEARCH_PATHS = "$(inherited) @executable_path/Frameworks @loader_path/Frameworks";
				PRODUCT_NAME = "$(TARGET_NAME)";
				TEST_HOST = "$(BUILT_PRODUCTS_DIR)/GCD1.app/GCD1";
			};
			name = Release;
		};
/* End XCBuildConfiguration section */

/* Begin XCConfigurationList section */
		18E413AB1B765E8D006BB72B /* Build configuration list for PBXProject "GCD1" */ = {
			isa = XCConfigurationList;
			buildConfigurations = (
				18E413CD1B765E8D006BB72B /* Debug */,
				18E413CE1B765E8D006BB72B /* Release */,
			);
			defaultConfigurationIsVisible = 0;
			defaultConfigurationName = Release;
		};
		18E413CF1B765E8D006BB72B /* Build configuration list for PBXNativeTarget "GCD1" */ = {
			isa = XCConfigurationList;
			buildConfigurations = (
				18E413D01B765E8D006BB72B /* Debug */,
				18E413D11B765E8D006BB72B /* Release */,
			);
			defaultConfigurationIsVisible = 0;
			defaultConfigurationName = Release;
		};
		18E413D21B765E8D006BB72B /* Build configuration list for PBXNativeTarget "GCD1Tests" */ = {
			isa = XCConfigurationList;
			buildConfigurations = (
				18E413D31B765E8D006BB72B /* Debug */,
				18E413D41B765E8D006BB72B /* Release */,
			);
			defaultConfigurationIsVisible = 0;
			defaultConfigurationName = Release;
		};
/* End XCConfigurationList section */
	};
	rootObject = 18E413A81B765E8D006BB72B /* Project object */;
}
